github.com/PlayerR9/SlParser v0.1.7 h1:zKorG7jVoVsqUadfchIDQJXKn8jyVRDe/uAsK3BgLLU=
github.com/PlayerR9/SlParser v0.1.7/go.mod h1:gDRouRfF++6P8wLMeWbdbnSKk8yDBW4dRdzPUzu0yA4=
github.com/PlayerR9/SlParser v0.1.8 h1:WPW7RTG8KncTfxRY3Fu2e5WR0f0ToaVUMM6nBTHiI7Q=
github.com/PlayerR9/SlParser v0.1.8/go.mod h1:Yfe7+lxGvFAdcv1rgV6CyJOqADdQLDkE+OJ168ekpIk=
github.com/PlayerR9/go-commons v0.1.19 h1:+sVZE61S2gocGA/x4we5Ru57xxKjJwWzji+TSSv5nTk=
github.com/PlayerR9/go-commons v0.1.19/go.mod h1:Abgs7CiggY1rhwwBPhv8G60HevRR1WMSVQVYfhIPgms=
github.com/PlayerR9/go-commons v0.1.20 h1:or9TOWuqqToMlKvBQy1oPtO0P1INl82jKphTYGb0OwQ=
github.com/PlayerR9/go-commons v0.1.20/go.mod h1:Abgs7CiggY1rhwwBPhv8G60HevRR1WMSVQVYfhIPgms=
github.com/PlayerR9/go-debug v0.1.7 h1:X9JrVco3OEr1qlBvgVOfBsSYUMsscN9HCPQ58PLzWEc=
github.com/PlayerR9/go-debug v0.1.7/go.mod h1:SzUukvPW2udZk9KkysIdWdRjEEQPKhAbQav+fpDLzxY=
github.com/PlayerR9/tree v0.1.16 h1:vHtkNciAgpicpjZExOAgTtq7iY7NZG2ipZrVqXObvVs=
github.com/PlayerR9/tree v0.1.16/go.mod h1:en9QWu7JSnb0jhg66GkvNnuOBcJiWAOFcfA52GdnKIY=
github.com/PlayerR9/tree v0.1.17 h1:x4SUXEQQuM+ZduFtEDLUPxe5MizvikGrXtdKqjt25KQ=
github.com/PlayerR9/tree v0.1.17/go.mod h1:ivFMb1FK8/z+BxRYV+6yWIMve84FKa2p2WPYKvvs0Xc=
